
Microsoft Visual Studio Solution File, Format Version 12.00
# Visual Studio 2013
VisualStudioVersion = 12.0.30501.0
MinimumVisualStudioVersion = 10.0.40219.1
Project("{FAE04EC0-301F-11D3-BF4B-00C04F79EFBC}") = "PrimeGame", "PrimeGame\PrimeGame.csproj", "{4A233524-B204-4F4C-B3C6-9B740D6C0463}"
EndProject
Global
	GlobalSection(SolutionConfigurationPlatforms) = preSolution
		Debug|Any CPU = Debug|Any CPU
		Release|Any CPU = Release|Any CPU
	EndGlobalSection
	GlobalSection(ProjectConfigurationPlatforms) = postSolution
		{4A233524-B204-4F4C-B3C6-9B740D6C0463}.Debug|Any CPU.ActiveCfg = Debug|Any CPU
		{4A233524-B204-4F4C-B3C6-9B740D6C0463}.Debug|Any CPU.Build.0 = Debug|Any CPU
		{4A233524-B204-4F4C-B3C6-9B740D6C0463}.Release|Any CPU.ActiveCfg = Release|Any CPU
		{4A233524-B204-4F4C-B3C6-9B740D6C0463}.Release|Any CPU.Build.0 = Release|Any CPU
	EndGlobalSection
	GlobalSection(SolutionProperties) = preSolution
		HideSolutionNode = FALSE
	EndGlobalSection
EndGlobal
